
Microsoft Visual Studio Solution File, Format Version 12.00
# Visual Studio 2013
VisualStudioVersion = 12.0.40629.0
MinimumVisualStudioVersion = 10.0.40219.1
Project("{8BC9CEB8-8B4A-11D0-8D11-00A0C91BC942}") = "refLive555", "refLive555\refLive555.vcxproj", "{4E497F29-15A7-4D10-9A40-EC250A80E8E5}"
	ProjectSection(ProjectDependencies) = postProject
		{14455D67-1A7A-4753-B6F4-4159B7A88D11} = {14455D67-1A7A-4753-B6F4-4159B7A88D11}
		{2241F9B2-0C4E-44E3-896C-7F0035D0033D} = {2241F9B2-0C4E-44E3-896C-7F0035D0033D}
		{E08ABABE-CDCD-4781-9CD2-63B028139D2F} = {E08ABABE-CDCD-4781-9CD2-63B028139D2F}
		{9ECC4EF4-A42B-4A1A-BF50-F7B6F852212C} = {9ECC4EF4-A42B-4A1A-BF50-F7B6F852212C}
	EndProjectSection
EndProject
Project("{8BC9CEB8-8B4A-11D0-8D11-00A0C91BC942}") = "BasicUsageEnvironment", "BasicUsageEnvironment\BasicUsageEnvironment.vcxproj", "{9ECC4EF4-A42B-4A1A-BF50-F7B6F852212C}"
EndProject
Project("{8BC9CEB8-8B4A-11D0-8D11-00A0C91BC942}") = "groupsock", "groupsock\groupsock.vcxproj", "{14455D67-1A7A-4753-B6F4-4159B7A88D11}"
EndProject
Project("{8BC9CEB8-8B4A-11D0-8D11-00A0C91BC942}") = "liveMedia", "liveMedia\liveMedia.vcxproj", "{2241F9B2-0C4E-44E3-896C-7F0035D0033D}"
EndProject
Project("{8BC9CEB8-8B4A-11D0-8D11-00A0C91BC942}") = "UsageEnvironment", "UsageEnvironment\UsageEnvironment.vcxproj", "{E08ABABE-CDCD-4781-9CD2-63B028139D2F}"
EndProject
Project("{8BC9CEB8-8B4A-11D0-8D11-00A0C91BC942}") = "proxyServer", "proxyServer\proxyServer.vcxproj", "{17691391-ECA3-4AC5-A5D8-4C37DF25D4D9}"
	ProjectSection(ProjectDependencies) = postProject
		{14455D67-1A7A-4753-B6F4-4159B7A88D11} = {14455D67-1A7A-4753-B6F4-4159B7A88D11}
		{2241F9B2-0C4E-44E3-896C-7F0035D0033D} = {2241F9B2-0C4E-44E3-896C-7F0035D0033D}
		{E08ABABE-CDCD-4781-9CD2-63B028139D2F} = {E08ABABE-CDCD-4781-9CD2-63B028139D2F}
		{9ECC4EF4-A42B-4A1A-BF50-F7B6F852212C} = {9ECC4EF4-A42B-4A1A-BF50-F7B6F852212C}
	EndProjectSection
EndProject
Project("{8BC9CEB8-8B4A-11D0-8D11-00A0C91BC942}") = "mediaServer", "mediaServer\mediaServer.vcxproj", "{43643137-1C46-477B-AE0A-D488474787CA}"
	ProjectSection(ProjectDependencies) = postProject
		{14455D67-1A7A-4753-B6F4-4159B7A88D11} = {14455D67-1A7A-4753-B6F4-4159B7A88D11}
		{2241F9B2-0C4E-44E3-896C-7F0035D0033D} = {2241F9B2-0C4E-44E3-896C-7F0035D0033D}
		{E08ABABE-CDCD-4781-9CD2-63B028139D2F} = {E08ABABE-CDCD-4781-9CD2-63B028139D2F}
		{9ECC4EF4-A42B-4A1A-BF50-F7B6F852212C} = {9ECC4EF4-A42B-4A1A-BF50-F7B6F852212C}
	EndProjectSection
EndProject
Global
	GlobalSection(SolutionConfigurationPlatforms) = preSolution
		Debug|Win32 = Debug|Win32
		Debug|x64 = Debug|x64
		Release|Win32 = Release|Win32
		Release|x64 = Release|x64
	EndGlobalSection
	GlobalSection(ProjectConfigurationPlatforms) = postSolution
		{4E497F29-15A7-4D10-9A40-EC250A80E8E5}.Debug|Win32.ActiveCfg = Debug|Win32
		{4E497F29-15A7-4D10-9A40-EC250A80E8E5}.Debug|Win32.Build.0 = Debug|Win32
		{4E497F29-15A7-4D10-9A40-EC250A80E8E5}.Debug|x64.ActiveCfg = Debug|Win32
		{4E497F29-15A7-4D10-9A40-EC250A80E8E5}.Release|Win32.ActiveCfg = Release|Win32
		{4E497F29-15A7-4D10-9A40-EC250A80E8E5}.Release|Win32.Build.0 = Release|Win32
		{4E497F29-15A7-4D10-9A40-EC250A80E8E5}.Release|x64.ActiveCfg = Release|Win32
		{9ECC4EF4-A42B-4A1A-BF50-F7B6F852212C}.Debug|Win32.ActiveCfg = Debug|Win32
		{9ECC4EF4-A42B-4A1A-BF50-F7B6F852212C}.Debug|Win32.Build.0 = Debug|Win32
		{9ECC4EF4-A42B-4A1A-BF50-F7B6F852212C}.Debug|x64.ActiveCfg = Debug|Win32
		{9ECC4EF4-A42B-4A1A-BF50-F7B6F852212C}.Release|Win32.ActiveCfg = Release|Win32
		{9ECC4EF4-A42B-4A1A-BF50-F7B6F852212C}.Release|Win32.Build.0 = Release|Win32
		{9ECC4EF4-A42B-4A1A-BF50-F7B6F852212C}.Release|x64.ActiveCfg = Release|Win32
		{14455D67-1A7A-4753-B6F4-4159B7A88D11}.Debug|Win32.ActiveCfg = Debug|Win32
		{14455D67-1A7A-4753-B6F4-4159B7A88D11}.Debug|Win32.Build.0 = Debug|Win32
		{14455D67-1A7A-4753-B6F4-4159B7A88D11}.Debug|x64.ActiveCfg = Debug|Win32
		{14455D67-1A7A-4753-B6F4-4159B7A88D11}.Release|Win32.ActiveCfg = Release|Win32
		{14455D67-1A7A-4753-B6F4-4159B7A88D11}.Release|Win32.Build.0 = Release|Win32
		{14455D67-1A7A-4753-B6F4-4159B7A88D11}.Release|x64.ActiveCfg = Release|Win32
		{2241F9B2-0C4E-44E3-896C-7F0035D0033D}.Debug|Win32.ActiveCfg = Debug|Win32
		{2241F9B2-0C4E-44E3-896C-7F0035D0033D}.Debug|Win32.Build.0 = Debug|Win32
		{2241F9B2-0C4E-44E3-896C-7F0035D0033D}.Debug|x64.ActiveCfg = Debug|Win32
		{2241F9B2-0C4E-44E3-896C-7F0035D0033D}.Release|Win32.ActiveCfg = Release|Win32
		{2241F9B2-0C4E-44E3-896C-7F0035D0033D}.Release|Win32.Build.0 = Release|Win32
		{2241F9B2-0C4E-44E3-896C-7F0035D0033D}.Release|x64.ActiveCfg = Release|Win32
		{E08ABABE-CDCD-4781-9CD2-63B028139D2F}.Debug|Win32.ActiveCfg = Debug|Win32
		{E08ABABE-CDCD-4781-9CD2-63B028139D2F}.Debug|Win32.Build.0 = Debug|Win32
		{E08ABABE-CDCD-4781-9CD2-63B028139D2F}.Debug|x64.ActiveCfg = Debug|Win32
		{E08ABABE-CDCD-4781-9CD2-63B028139D2F}.Release|Win32.ActiveCfg = Release|Win32
		{E08ABABE-CDCD-4781-9CD2-63B028139D2F}.Release|Win32.Build.0 = Release|Win32
		{E08ABABE-CDCD-4781-9CD2-63B028139D2F}.Release|x64.ActiveCfg = Release|Win32
		{17691391-ECA3-4AC5-A5D8-4C37DF25D4D9}.Debug|Win32.ActiveCfg = Debug|Win32
		{17691391-ECA3-4AC5-A5D8-4C37DF25D4D9}.Debug|Win32.Build.0 = Debug|Win32
		{17691391-ECA3-4AC5-A5D8-4C37DF25D4D9}.Debug|x64.ActiveCfg = Debug|Win32
		{17691391-ECA3-4AC5-A5D8-4C37DF25D4D9}.Release|Win32.ActiveCfg = Release|Win32
		{17691391-ECA3-4AC5-A5D8-4C37DF25D4D9}.Release|Win32.Build.0 = Release|Win32
		{17691391-ECA3-4AC5-A5D8-4C37DF25D4D9}.Release|x64.ActiveCfg = Release|Win32
		{43643137-1C46-477B-AE0A-D488474787CA}.Debug|Win32.ActiveCfg = Debug|Win32
		{43643137-1C46-477B-AE0A-D488474787CA}.Debug|Win32.Build.0 = Debug|Win32
		{43643137-1C46-477B-AE0A-D488474787CA}.Debug|x64.ActiveCfg = Debug|Win32
		{43643137-1C46-477B-AE0A-D488474787CA}.Release|Win32.ActiveCfg = Release|Win32
		{43643137-1C46-477B-AE0A-D488474787CA}.Release|Win32.Build.0 = Release|Win32
		{43643137-1C46-477B-AE0A-D488474787CA}.Release|x64.ActiveCfg = Release|Win32
	EndGlobalSection
	GlobalSection(SolutionProperties) = preSolution
		HideSolutionNode = FALSE
	EndGlobalSection
EndGlobal
